<Solution>
  <Folder Name="/.SolutionItems/">
    <File Path=".editorconfig" />
    <File Path="CLAUDE.md" />
    <File Path="CONTEXTS.md" />
    <File Path="CONTRIBUTING.md" />
    <File Path="DEVPROGRESS.md" />
    <File Path="Directory.Build.props" />
    <File Path="Directory.Packages.props" />
    <File Path="docker-compose.yml" />
    <File Path="README.md" />
  </Folder>
  <Folder Name="/.SolutionItems/Documentation/Planning/Cycles/">
    <File Path="docs/planning/cycles/cycle-16-phase-3-fixes.md" />
    <File Path="docs/planning/cycles/cycle-16-phase-3-manual-testing.md" />
    <File Path="docs\planning\cycles\cycle-16-customer-experience.md" />
    <File Path="docs/planning/cycles/cycle-17-customer-identity-integration.md" />
    <File Path="docs/planning/cycles/cycle-18-customer-experience-phase-2.md" />
    <File Path="docs/planning/cycles/CYCLE-18-QUICKSTART.md" />
  </Folder>
  <Folder Name="/.SolutionItems/Documentation/Planning/Infrastructure/" />
  <Folder Name="/.SolutionItems/Documentation/Planning/Infrastructure/CI-CD/">
    <File Path="docs/planning/infrastructure/ci-cd/implementation-guide.md" />
    <File Path="docs/planning/infrastructure/ci-cd/README.md" />
    <File Path="docs/planning/infrastructure/ci-cd/roadmap.md" />
    <File Path="docs/planning/infrastructure/ci-cd/visual-guide.md" />
  </Folder>
  <Folder Name="/.SolutionItems/Documentation/Planning/Spikes/">
    <File Path="docs/planning/spikes/payment-gateway-comparison.md" />
    <File Path="docs/planning/spikes/polecat-candidates.md" />
    <File Path="docs/planning/spikes/pricing-promotions-domain-spike.md" />
    <File Path="docs/planning/spikes/stripe-api-integration.md" />
  </Folder>
  <Folder Name="/.SolutionItems/Documentation/Skills/">
    <File Path="docs/skills/bff-realtime-patterns.md" />
    <File Path="docs/skills/critterstack-testing-patterns.md" />
    <File Path="docs/skills/efcore-wolverine-integration.md" />
    <File Path="docs/skills/external-service-integration.md" />
    <File Path="docs/skills/marten-document-store.md" />
    <File Path="docs/skills/marten-event-sourcing.md" />
    <File Path="docs/skills/modern-csharp-coding-standards.md" />
    <File Path="docs/skills/reqnroll-bdd-testing.md" />
    <File Path="docs/skills/testcontainers-integration-tests.md" />
    <File Path="docs/skills/vertical-slice-organization.md" />
    <File Path="docs/skills/wolverine-message-handlers.md" />
  </Folder>
  <Folder Name="/.SolutionItems/Documentation/Workflows/">
    <File Path="docs/workflows/customer-experience-workflows.md" />
    <File Path="docs/workflows/customer-identity-workflows.md" />
    <File Path="docs/workflows/DEVOPS-EXECUTIVE-SUMMARY.md" />
    <File Path="docs/workflows/DEVOPS-INFRASTRUCTURE-REVIEW.md" />
    <File Path="docs/workflows/fulfillment-workflows.md" />
    <File Path="docs/workflows/inventory-workflows.md" />
    <File Path="docs/workflows/orders-workflows.md" />
    <File Path="docs/workflows/payments-workflows.md" />
    <File Path="docs/workflows/PO-DECISIONS.md" />
    <File Path="docs/workflows/PO-REVIEW-SUMMARY.md" />
    <File Path="docs/workflows/product-catalog-workflows.md" />
    <File Path="docs/workflows/README.md" />
    <File Path="docs/workflows/shopping-workflows.md" />
    <File Path="docs/workflows/WORKFLOW-AUDIT.md" />
  </Folder>
  <Folder Name="/.SolutionItems/Documentation/">
    <File Path="docs/CYCLE-18-TESTING-SUMMARY.md" />
    <File Path="docs/QUICK-START.md" />
    <File Path="docs\DATA-SEEDING.http" />
    <File Path="docs\HTTP-FILES-GUIDE.md" />
    <File Path="docs\MANUAL-TEST-CHECKLIST.md" />
    <File Path="docs\MANUAL-TESTING-SETUP.md" />
    <File Path="docs\README.md" />
    <File Path="docs\RUN-CONFIGURATIONS.md" />
  </Folder>
  <Folder Name="/.SolutionItems/Documentation/Planning/">
    <File Path="docs/planning/BACKLOG.md" />
    <File Path="docs\planning\CYCLES.md" />
  </Folder>
  <Folder Name="/.SolutionItems/Documentation/Archive/" />
  <Folder Name="/.SolutionItems/Documentation/Archive/Sessions/">
    <File Path="docs/archive/sessions/DEVOPS-REVIEW-SUMMARY.md" />
    <File Path="docs/archive/sessions/DOCUMENTATION_REVIEW_FEEDBACK.md" />
    <File Path="docs/archive/sessions/SESSION-SUMMARY-2026-02-13.md" />
  </Folder>
  <Folder Name="/.SolutionItems/Documentation/Decisions/">
    <File Path="docs/decisions/0007-github-workflow-improvements.md" />
    <File Path="docs/decisions/0008-rabbitmq-configuration-consistency.md" />
    <File Path="docs/decisions/0009-aspire-integration.md" />
    <File Path="docs/decisions/0010-stripe-payment-gateway-integration.md" />
    <File Path="docs/decisions/0011-github-projects-issues-migration.md" />
    <File Path="docs/decisions/0012-simple-session-based-authentication.md" />
    <File Path="docs\decisions\0004-sse-over-signalr.md" />
    <File Path="docs\decisions\0005-mudblazor-ui-framework.md" />
    <File Path="docs\decisions\0006-reqnroll-bdd-framework.md" />
  </Folder>
  <Folder Name="/.SolutionItems/Documentation/Features/">
    <File Path="docs\features\customer-experience\cart-real-time-updates.feature" />
    <File Path="docs\features\customer-experience\checkout-flow.feature" />
    <File Path="docs\features\customer-experience\product-browsing.feature" />
  </Folder>
  <Folder Name="/Orders/">
    <Project Path="src/Orders/Orders.Api/Orders.Api.csproj" />
    <Project Path="src/Orders/Orders/Orders.csproj" />
    <Project Path="tests/Orders/Orders.Api.IntegrationTests/Orders.Api.IntegrationTests.csproj" />
    <Project Path="tests/Orders/Orders.UnitTests/Orders.UnitTests.csproj" />
  </Folder>
  <Folder Name="/Payments/">
    <Project Path="src/Payments/Payments.Api/Payments.Api.csproj" />
    <Project Path="src/Payments/Payments/Payments.csproj" />
    <Project Path="tests/Payments/Payments.Api.IntegrationTests/Payments.Api.IntegrationTests.csproj" />
    <Project Path="tests/Payments/Payments.UnitTests/Payments.UnitTests.csproj" />
  </Folder>
  <Folder Name="/Fulfillment/">
    <Project Path="src/Fulfillment/Fulfillment.Api/Fulfillment.Api.csproj" />
    <Project Path="src/Fulfillment/Fulfillment/Fulfillment.csproj" />
    <Project Path="tests/Fulfillment/Fulfillment.Api.IntegrationTests/Fulfillment.Api.IntegrationTests.csproj" />
  </Folder>
  <Folder Name="/Inventory/">
    <Project Path="src/Inventory/Inventory.Api/Inventory.Api.csproj" />
    <Project Path="src/Inventory/Inventory/Inventory.csproj" />
    <Project Path="tests/Inventory/Inventory.Api.IntegrationTests/Inventory.Api.IntegrationTests.csproj" />
    <Project Path="tests/Inventory/Inventory.UnitTests/Inventory.UnitTests.csproj" />
  </Folder>
  <Folder Name="/Shopping/">
    <Project Path="src/Shopping/Shopping.Api/Shopping.Api.csproj" />
    <Project Path="src/Shopping/Shopping/Shopping.csproj" />
    <Project Path="tests/Shopping/Shopping.Api.IntegrationTests/Shopping.Api.IntegrationTests.csproj" />
  </Folder>
  <Folder Name="/Customer Identity/">
    <Project Path="src/Customer Identity/CustomerIdentity.Api/CustomerIdentity.Api.csproj" />
    <Project Path="src/Customer Identity/Customers/CustomerIdentity.csproj" />
    <Project Path="tests/Customer Identity/CustomerIdentity.Api.IntegrationTests/CustomerIdentity.Api.IntegrationTests.csproj" />
  </Folder>
  <Folder Name="/Product Catalog/">
    <Project Path="src/Product Catalog/ProductCatalog.Api/ProductCatalog.Api.csproj" />
    <Project Path="src/Product Catalog/ProductCatalog/ProductCatalog.csproj" />
    <Project Path="tests/Product Catalog/ProductCatalog.Api.IntegrationTests/ProductCatalog.Api.IntegrationTests.csproj" />
  </Folder>
  <Folder Name="/Customer Experience/">
    <Project Path="src/Customer Experience/Storefront.Api/Storefront.Api.csproj" />
    <Project Path="src/Customer Experience/Storefront.Web/Storefront.Web.csproj" />
    <Project Path="src/Customer Experience/Storefront/Storefront.csproj" />
    <Project Path="tests/Customer Experience/Storefront.IntegrationTests/Storefront.IntegrationTests.csproj" />
  </Folder>
  <Folder Name="/Shared/">
    <Project Path="src/Shared/Messages.Contracts/Messages.Contracts.csproj" />
  </Folder>
  <Folder Name="/.SolutionItems/Documentation/Decisions/" />
</Solution>
