<Solution>
  <Folder Name="/.SolutionItems/">
    <File Path=".editorconfig" />
    <File Path="CLAUDE.md" />
    <File Path="CONTEXTS.md" />
    <File Path="DEVPROGRESS.md" />
    <File Path="Directory.Build.props" />
    <File Path="Directory.Packages.props" />
    <File Path="docker-compose.yml" />
    <File Path="README.md" />
  </Folder>
  <Folder Name="/.SolutionItems/Skills/">
    <File Path="skills/critterstack-testing-patterns.md" />
    <File Path="skills/modern-csharp-coding-standards.md" />
    <File Path="skills/reqnroll-bdd-testing.md" />
    <File Path="skills/testcontainers-integration-tests.md" />
    <File Path="skills\bff-signalr-patterns.md" />
    <File Path="skills\efcore-wolverine-integration.md" />
    <File Path="skills\external-service-integration.md" />
    <File Path="skills\marten-document-store.md" />
    <File Path="skills\marten-event-sourcing.md" />
    <File Path="skills\vertical-slice-organization.md" />
    <File Path="skills\wolverine-message-handlers.md" />
  </Folder>
  <Folder Name="/.SolutionItems/Documentation/">
    <File Path="docs\README.md" />
  </Folder>
  <Folder Name="/.SolutionItems/Documentation/Planning/">
    <File Path="docs\planning\CYCLES.md" />
    <File Path="docs\planning\cycles\cycle-16-customer-experience.md" />
  </Folder>
  <Folder Name="/.SolutionItems/Documentation/Decisions/">
    <File Path="docs\decisions\0004-sse-over-signalr.md" />
    <File Path="docs\decisions\0005-mudblazor-ui-framework.md" />
    <File Path="docs\decisions\0006-reqnroll-bdd-framework.md" />
  </Folder>
  <Folder Name="/.SolutionItems/Documentation/Features/">
    <File Path="docs\features\customer-experience\cart-real-time-updates.feature" />
    <File Path="docs\features\customer-experience\checkout-flow.feature" />
    <File Path="docs\features\customer-experience\product-browsing.feature" />
  </Folder>
  <Folder Name="/Order Management/">
    <Project Path="src/Order Management/Orders.Api/Orders.Api.csproj" />
    <Project Path="src/Order Management/Orders/Orders.csproj" />
    <Project Path="tests/Order Management/Orders.Api.IntegrationTests/Orders.Api.IntegrationTests.csproj" />
    <Project Path="tests/Order Management/Orders.UnitTests/Orders.UnitTests.csproj" />
  </Folder>
  <Folder Name="/Payment Processing/">
    <Project Path="src/Payment Processing/Payments.Api/Payments.Api.csproj" />
    <Project Path="src/Payment Processing/Payments/Payments.csproj" />
    <Project Path="tests/Payment Processing/Payments.Api.IntegrationTests/Payments.Api.IntegrationTests.csproj" />
    <Project Path="tests/Payment Processing/Payments.UnitTests/Payments.UnitTests.csproj" />
  </Folder>
  <Folder Name="/Fulfillment Management/">
    <Project Path="src/Fulfillment Management/Fulfillment.Api/Fulfillment.Api.csproj" />
    <Project Path="src/Fulfillment Management/Fulfillment/Fulfillment.csproj" />
    <Project Path="tests/Fulfillment Management/Fulfillment.Api.IntegrationTests/Fulfillment.Api.IntegrationTests.csproj" />
  </Folder>
  <Folder Name="/Inventory Management/">
    <Project Path="src/Inventory Management/Inventory.Api/Inventory.Api.csproj" />
    <Project Path="src/Inventory Management/Inventory/Inventory.csproj" />
    <Project Path="tests/Inventory Management/Inventory.Api.IntegrationTests/Inventory.Api.IntegrationTests.csproj" />
    <Project Path="tests/Inventory Management/Inventory.UnitTests/Inventory.UnitTests.csproj" />
  </Folder>
  <Folder Name="/Shopping Management/">
    <Project Path="src/Shopping Management/Shopping.Api/Shopping.Api.csproj" />
    <Project Path="src/Shopping Management/Shopping/Shopping.csproj" />
    <Project Path="tests/Shopping Management/Shopping.Api.IntegrationTests/Shopping.Api.IntegrationTests.csproj" />
  </Folder>
  <Folder Name="/Customer Identity/">
    <Project Path="src/Customer Identity/CustomerIdentity.Api/CustomerIdentity.Api.csproj" />
    <Project Path="src/Customer Identity/Customers/CustomerIdentity.csproj" />
    <Project Path="tests/Customer Identity/CustomerIdentity.Api.IntegrationTests/CustomerIdentity.Api.IntegrationTests.csproj" />
  </Folder>
  <Folder Name="/Product Catalog/">
    <Project Path="src/Product Catalog/ProductCatalog.Api/ProductCatalog.Api.csproj" />
    <Project Path="src/Product Catalog/ProductCatalog/ProductCatalog.csproj" />
    <Project Path="tests/Product Catalog/ProductCatalog.Api.IntegrationTests/ProductCatalog.Api.IntegrationTests.csproj" />
  </Folder>
  <Folder Name="/Customer Experience/">
    <Project Path="src/Customer Experience/Storefront.Api/Storefront.Api.csproj" />
    <Project Path="src/Customer Experience/Storefront.Web/Storefront.Web.csproj" />
    <Project Path="src/Customer Experience/Storefront/Storefront.csproj" />
    <Project Path="tests/Customer Experience/Storefront.IntegrationTests/Storefront.IntegrationTests.csproj" />
  </Folder>
  <Folder Name="/Shared/">
    <Project Path="src/Shared/Messages.Contracts/Messages.Contracts.csproj" />
  </Folder>
</Solution>
